<?xml version="1.0" encoding="utf-8"?>
<Project ToolsVersion="4.0" xmlns="http://schemas.microsoft.com/developer/msbuild/2003">
  <ItemGroup>
    <Filter Include="ソース ファイル">
      <UniqueIdentifier>{4FC737F1-C7A5-4376-A066-2A32D752A2FF}</UniqueIdentifier>
      <Extensions>cpp;c;cc;cxx;c++;cppm;ixx;def;odl;idl;hpj;bat;asm;asmx</Extensions>
    </Filter>
    <Filter Include="リソース ファイル">
      <UniqueIdentifier>{67DA6AB6-F800-4c08-8B7A-83BB121AAD01}</UniqueIdentifier>
      <Extensions>rc;ico;cur;bmp;dlg;rc2;rct;bin;rgs;gif;jpg;jpeg;jpe;resx;tiff;tif;png;wav;mfcribbon-ms</Extensions>
    </Filter>
    <Filter Include="ソース ファイル\System">
      <UniqueIdentifier>{4e17ff4f-a004-4e4a-9470-879b9af60429}</UniqueIdentifier>
    </Filter>
    <Filter Include="ソース ファイル\App">
      <UniqueIdentifier>{2c3db676-bf36-4efc-a80a-29f79c26d16f}</UniqueIdentifier>
    </Filter>
    <Filter Include="リソース ファイル\PixelShader">
      <UniqueIdentifier>{a9755fd2-e8f8-4e2e-854e-68fcfb6a9b68}</UniqueIdentifier>
    </Filter>
    <Filter Include="リソース ファイル\VertexShader">
      <UniqueIdentifier>{e4c96e83-672c-4720-aa96-8ee0c9525558}</UniqueIdentifier>
    </Filter>
    <Filter Include="ソース ファイル\DirectX">
      <UniqueIdentifier>{4e65b264-f84d-4758-867f-457aeb6ce2e2}</UniqueIdentifier>
    </Filter>
    <Filter Include="ソース ファイル\System\Model">
      <UniqueIdentifier>{590ff50c-7511-4199-b469-b28ef39ebeb1}</UniqueIdentifier>
    </Filter>
    <Filter Include="ソース ファイル\System\Camera">
      <UniqueIdentifier>{e660287a-f4fb-495b-9981-40a4e8b25ec8}</UniqueIdentifier>
    </Filter>
    <Filter Include="ソース ファイル\System\WindowAPI">
      <UniqueIdentifier>{94be1c73-a0ed-4d7c-ae64-5416431a2d26}</UniqueIdentifier>
    </Filter>
    <Filter Include="ソース ファイル\DirectX\View">
      <UniqueIdentifier>{6c2fae60-0789-408f-99b0-a5cbc004c330}</UniqueIdentifier>
    </Filter>
    <Filter Include="ソース ファイル\System\Shape">
      <UniqueIdentifier>{afca91df-9103-444d-8c7b-380eebaeffab}</UniqueIdentifier>
    </Filter>
    <Filter Include="ソース ファイル\System\Shape\Super">
      <UniqueIdentifier>{d072c312-85f2-4cf6-878b-5a638da1c847}</UniqueIdentifier>
    </Filter>
    <Filter Include="ソース ファイル\DirectX\Shader">
      <UniqueIdentifier>{3d021c32-716e-4d2a-b527-1d2c9713d27e}</UniqueIdentifier>
    </Filter>
    <Filter Include="ソース ファイル\DirectX\Shader\Super">
      <UniqueIdentifier>{23d3c3a9-2abb-4915-b924-642c99c60efa}</UniqueIdentifier>
    </Filter>
    <Filter Include="ソース ファイル\System\Debug">
      <UniqueIdentifier>{758d8947-35bd-4835-b6c9-815ccd5e22df}</UniqueIdentifier>
    </Filter>
    <Filter Include="ソース ファイル\App\Component">
      <UniqueIdentifier>{a9449099-59fb-4344-831d-54eebe1916bf}</UniqueIdentifier>
    </Filter>
    <Filter Include="ソース ファイル\App\GameObject">
      <UniqueIdentifier>{f4f8c27a-9983-410c-a484-7f1c27f2b5f3}</UniqueIdentifier>
    </Filter>
    <Filter Include="ソース ファイル\App\Scene">
      <UniqueIdentifier>{29dd6011-d701-4220-b214-6ee8b0f0a4d8}</UniqueIdentifier>
    </Filter>
    <Filter Include="ソース ファイル\Utilities">
      <UniqueIdentifier>{87958971-2d61-4168-bb20-fb48500a043b}</UniqueIdentifier>
    </Filter>
    <Filter Include="ソース ファイル\Utilities\Vector">
      <UniqueIdentifier>{ec2ea53d-dec9-42aa-b192-faf3d4869c16}</UniqueIdentifier>
    </Filter>
    <Filter Include="ソース ファイル\Utilities\Constant">
      <UniqueIdentifier>{85141e2a-d565-4ba5-bafb-7401b100f2b5}</UniqueIdentifier>
    </Filter>
    <Filter Include="ソース ファイル\System\Time">
      <UniqueIdentifier>{f6313675-3c3f-4391-91f8-a748f1be0802}</UniqueIdentifier>
    </Filter>
    <Filter Include="ソース ファイル\System\Input">
      <UniqueIdentifier>{a42612b8-f147-45c9-ba01-071e070df9bc}</UniqueIdentifier>
    </Filter>
    <Filter Include="ソース ファイル\App\Component\Camera">
      <UniqueIdentifier>{b539b08a-deaf-4c1f-b2c3-e304e05c8852}</UniqueIdentifier>
    </Filter>
    <Filter Include="ソース ファイル\App\Component\Collision">
      <UniqueIdentifier>{951b9a7d-6b7a-45f8-8e3f-0715f1268108}</UniqueIdentifier>
    </Filter>
    <Filter Include="ソース ファイル\App\Component\0_Super">
      <UniqueIdentifier>{3c39bcfc-fb04-48a3-979b-37be7d10ddce}</UniqueIdentifier>
    </Filter>
    <Filter Include="ソース ファイル\App\GameObject\0_Super">
      <UniqueIdentifier>{5892e6a7-39ec-4aba-917b-8cbb5787ca27}</UniqueIdentifier>
    </Filter>
    <Filter Include="ソース ファイル\App\Scene\0_Super">
      <UniqueIdentifier>{cf56b238-8ca2-4b55-83da-0a7c2a5315f8}</UniqueIdentifier>
    </Filter>
    <Filter Include="ソース ファイル\App\Component\Collision\0_Super">
      <UniqueIdentifier>{4c5ad1b1-8ae2-47fb-a8e2-2259274981af}</UniqueIdentifier>
    </Filter>
    <Filter Include="ソース ファイル\App\Component\Camera\0_Super">
      <UniqueIdentifier>{d3cc2aaa-1774-4957-8019-9cc7aed6335f}</UniqueIdentifier>
    </Filter>
    <Filter Include="ソース ファイル\DirectX\View\0_Super">
      <UniqueIdentifier>{f7580663-27bd-4330-b952-2f05f160626e}</UniqueIdentifier>
    </Filter>
    <Filter Include="ソース ファイル\App\Component\Player">
      <UniqueIdentifier>{816ab1e8-dafb-4cec-b592-457cfbdefe8f}</UniqueIdentifier>
    </Filter>
    <Filter Include="ソース ファイル\System\Debug\DebugImGui">
      <UniqueIdentifier>{dcb8e429-9346-49ca-bf03-668ccea97843}</UniqueIdentifier>
    </Filter>
    <Filter Include="ソース ファイル\ImGui">
      <UniqueIdentifier>{7db26d3c-735f-4fe8-b7e5-f107b6971c18}</UniqueIdentifier>
    </Filter>
    <Filter Include="ソース ファイル\App\UI">
      <UniqueIdentifier>{d7509e90-3fa8-4ed4-b777-aef575dc4ef7}</UniqueIdentifier>
    </Filter>
    <Filter Include="ソース ファイル\App\UI\Object">
      <UniqueIdentifier>{45951ca2-d78b-4edd-b9ee-8f89cfd94a3d}</UniqueIdentifier>
    </Filter>
    <Filter Include="ソース ファイル\App\UI\Object\0_Super">
      <UniqueIdentifier>{acd247e3-4dbb-4551-938f-57768022be07}</UniqueIdentifier>
    </Filter>
    <Filter Include="ソース ファイル\App\UI\Component">
      <UniqueIdentifier>{ea6f310b-7f5a-4588-9456-c5c08e1661a9}</UniqueIdentifier>
    </Filter>
    <Filter Include="ソース ファイル\App\UI\Component\0_Super">
      <UniqueIdentifier>{5cda0377-2022-49be-9c3f-8898e23f0eb3}</UniqueIdentifier>
    </Filter>
    <Filter Include="ソース ファイル\App\Component\Ground">
      <UniqueIdentifier>{3f221bb8-7898-4775-8b9c-a9036af8b9f4}</UniqueIdentifier>
    </Filter>
    <Filter Include="ソース ファイル\App\Component\Visual">
      <UniqueIdentifier>{3503a0e1-8cb2-418c-9698-e7c6a95b27c9}</UniqueIdentifier>
    </Filter>
    <Filter Include="ソース ファイル\App\Component\Model">
      <UniqueIdentifier>{72090c30-ccb4-4d29-926f-c5de99561356}</UniqueIdentifier>
    </Filter>
    <Filter Include="ソース ファイル\System\Model\Static">
      <UniqueIdentifier>{d78718fd-3d7a-41c0-a49b-5d2ad9cbb85d}</UniqueIdentifier>
    </Filter>
    <Filter Include="ソース ファイル\System\Model\Anime">
      <UniqueIdentifier>{78e47fff-a5ba-42ff-80ad-d7aa47044da2}</UniqueIdentifier>
    </Filter>
    <Filter Include="ソース ファイル\System\DataInOut">
      <UniqueIdentifier>{605f0c24-022f-46dc-905c-dfd78b659f1c}</UniqueIdentifier>
    </Filter>
    <Filter Include="ソース ファイル\App\GameObject\StageObject">
      <UniqueIdentifier>{b652c4e6-95dc-42c5-879a-c173f90f4640}</UniqueIdentifier>
    </Filter>
    <Filter Include="ソース ファイル\App\GameObject\Player">
      <UniqueIdentifier>{757373e9-dab1-44c4-ac20-d7d945ac9904}</UniqueIdentifier>
    </Filter>
    <Filter Include="ソース ファイル\App\GameObject\StageObject\Block">
      <UniqueIdentifier>{f5ccdbff-4015-4997-9c6c-9fa8d6fc6add}</UniqueIdentifier>
    </Filter>
    <Filter Include="ソース ファイル\App\GameObject\StageObject\Plane">
      <UniqueIdentifier>{a10b13e1-9942-4ae7-9ed9-17512facd4cd}</UniqueIdentifier>
    </Filter>
    <Filter Include="ソース ファイル\App\Component\Light">
      <UniqueIdentifier>{596a494d-ef43-48a6-bea2-d295a9cf60cb}</UniqueIdentifier>
    </Filter>
    <Filter Include="ソース ファイル\System\Text">
      <UniqueIdentifier>{87c82f6e-2405-43f5-b4a6-e8dfa77bc456}</UniqueIdentifier>
    </Filter>
    <Filter Include="ソース ファイル\App\GameObject\Camera">
      <UniqueIdentifier>{e736d240-cad3-44ec-b6d7-b5c6e6a2ec05}</UniqueIdentifier>
    </Filter>
    <Filter Include="ソース ファイル\App\GameObject\Light">
      <UniqueIdentifier>{37fc4fc6-b62a-4e3a-b7a8-f510fad808b2}</UniqueIdentifier>
    </Filter>
    <Filter Include="ソース ファイル\System\DataManager">
      <UniqueIdentifier>{2c798582-218b-4ea5-913f-0967b772ab9c}</UniqueIdentifier>
    </Filter>
    <Filter Include="ソース ファイル\System\Light">
      <UniqueIdentifier>{333fe9c1-283a-4be0-bda6-785d5992d624}</UniqueIdentifier>
    </Filter>
    <Filter Include="ソース ファイル\App\Component\Light\0_Super">
      <UniqueIdentifier>{3f26f036-8e74-4e4c-ba3c-55112e723b4a}</UniqueIdentifier>
    </Filter>
    <Filter Include="ソース ファイル\App\GameObject\Light\0_Super">
      <UniqueIdentifier>{1c9aeaf6-9adb-4fb5-bcdb-0254489aca4a}</UniqueIdentifier>
    </Filter>
    <Filter Include="リソース ファイル\PixelShader\Model">
      <UniqueIdentifier>{b5ef048a-ccaf-447f-adaf-80962f914cae}</UniqueIdentifier>
    </Filter>
    <Filter Include="リソース ファイル\VertexShader\Model">
      <UniqueIdentifier>{352edc95-09a0-463e-a5b0-d37892e654cd}</UniqueIdentifier>
    </Filter>
    <Filter Include="リソース ファイル\PixelShader\Shape">
      <UniqueIdentifier>{42f3f370-5ca5-4fcc-be72-9c064843af32}</UniqueIdentifier>
    </Filter>
    <Filter Include="リソース ファイル\VertexShader\Shape">
      <UniqueIdentifier>{17398af7-bf63-4ef6-8bee-28972a40a902}</UniqueIdentifier>
    </Filter>
    <Filter Include="ソース ファイル\App\GameObject\Camera\0_Super">
      <UniqueIdentifier>{17cb88c7-33b0-47b2-9e66-d50ff343dd9d}</UniqueIdentifier>
    </Filter>
    <Filter Include="ソース ファイル\App\GameObject\Bullet">
      <UniqueIdentifier>{653cc415-5d5c-4d8e-a736-7b13cbff17d7}</UniqueIdentifier>
    </Filter>
    <Filter Include="ソース ファイル\App\UI\Object\Game">
      <UniqueIdentifier>{40ae2899-aff0-4f90-8853-c0ed3af8e60b}</UniqueIdentifier>
    </Filter>
    <Filter Include="ソース ファイル\App\UI\Object\Game\Player">
      <UniqueIdentifier>{7de68e45-7040-4276-8637-f5874c41a21b}</UniqueIdentifier>
    </Filter>
    <Filter Include="ソース ファイル\App\GameObject\Enemy">
      <UniqueIdentifier>{701a8ccc-ebd5-453f-87e5-d86036c2ef56}</UniqueIdentifier>
    </Filter>
    <Filter Include="ソース ファイル\App\GameObject\Enemy\0_Super">
      <UniqueIdentifier>{bf065a27-f219-4641-a3ac-12563321f9dc}</UniqueIdentifier>
    </Filter>
    <Filter Include="ソース ファイル\App\Component\Enemy">
      <UniqueIdentifier>{f3e89cea-a096-428e-9dca-aeca75c568fb}</UniqueIdentifier>
    </Filter>
    <Filter Include="ソース ファイル\App\Component\Enemy\Move">
      <UniqueIdentifier>{68a5b797-0f82-4b71-b179-1af2995b323b}</UniqueIdentifier>
    </Filter>
    <Filter Include="ソース ファイル\App\Component\Enemy\Move\0_Super">
      <UniqueIdentifier>{beff8eac-7120-4b2d-b313-0f24bd9dbb3a}</UniqueIdentifier>
    </Filter>
    <Filter Include="ソース ファイル\App\Component\Enemy\Attack">
      <UniqueIdentifier>{e616debc-7fbe-4e89-9fbf-ca5127987e40}</UniqueIdentifier>
    </Filter>
    <Filter Include="ソース ファイル\App\Component\Enemy\Attack\0_Super">
      <UniqueIdentifier>{fcbfb0c5-a231-40b1-90fb-97a5cd948799}</UniqueIdentifier>
    </Filter>
    <Filter Include="ソース ファイル\App\GameObject\Other">
      <UniqueIdentifier>{ce9ead32-44fa-45c0-bf3a-8403914c37ad}</UniqueIdentifier>
    </Filter>
    <Filter Include="ソース ファイル\App\GameObject\System">
      <UniqueIdentifier>{45383674-3ed0-4859-a750-a81cad9ec206}</UniqueIdentifier>
    </Filter>
    <Filter Include="ソース ファイル\App\Scene\Stage">
      <UniqueIdentifier>{f10dec5f-aa90-44f4-bf8b-4516607b78f7}</UniqueIdentifier>
    </Filter>
    <Filter Include="ソース ファイル\App\GameObject\StageObject\Block\0_Super">
      <UniqueIdentifier>{261c5d92-aeb6-43d0-968c-04ec05c28a03}</UniqueIdentifier>
    </Filter>
    <Filter Include="ソース ファイル\App\Scene\Title">
      <UniqueIdentifier>{b3216eee-ed7e-44f1-8eb8-6fd41d2bc73e}</UniqueIdentifier>
    </Filter>
    <Filter Include="ソース ファイル\App\GameObject\Effect">
      <UniqueIdentifier>{b47a302c-0d34-4b87-8b06-38a24f002e21}</UniqueIdentifier>
    </Filter>
    <Filter Include="ソース ファイル\App\Scene\Select">
      <UniqueIdentifier>{66125a17-3406-4cf8-a11f-34a1bfd43ff2}</UniqueIdentifier>
    </Filter>
    <Filter Include="ソース ファイル\App\Component\StageGimmick">
      <UniqueIdentifier>{9bf7d932-cdfd-40ad-8b96-e85ca8e54b3c}</UniqueIdentifier>
    </Filter>
    <Filter Include="ソース ファイル\App\GameObject\StageObject\Gimmick">
      <UniqueIdentifier>{ad5520f9-7a5b-4702-b680-20f37ee2767f}</UniqueIdentifier>
    </Filter>
    <Filter Include="ソース ファイル\App\GameObject\StageObject\Item">
      <UniqueIdentifier>{24fb90a5-bf68-45fd-8e36-71643e4d74d4}</UniqueIdentifier>
    </Filter>
    <Filter Include="ソース ファイル\App\GameObject\Other\StageSelect">
      <UniqueIdentifier>{9ea4109d-672e-4023-9590-de97ee4b56f3}</UniqueIdentifier>
    </Filter>
    <Filter Include="ソース ファイル\App\GameObject\System\Fade">
      <UniqueIdentifier>{7d74a39b-ba1f-46d8-abae-7de6921b9c2b}</UniqueIdentifier>
    </Filter>
    <Filter Include="ソース ファイル\App\UI\Object\System">
      <UniqueIdentifier>{de89f915-01b3-4375-bfe6-f12018483530}</UniqueIdentifier>
    </Filter>
    <Filter Include="リソース ファイル\PixelShader\Fade">
      <UniqueIdentifier>{8486a5c7-9f86-4d14-80f0-485f1574bafd}</UniqueIdentifier>
    </Filter>
    <Filter Include="ソース ファイル\App\UI\Object\System\Fade">
      <UniqueIdentifier>{8e1a2982-4f97-489b-9755-ac7fdc8fbb23}</UniqueIdentifier>
    </Filter>
    <Filter Include="ソース ファイル\System\Sound">
      <UniqueIdentifier>{a401e145-76fa-436f-a7ae-cefe19cccc66}</UniqueIdentifier>
    </Filter>
  </ItemGroup>
  <ItemGroup>
    <ClCompile Include="AppController.cpp">
      <Filter>ソース ファイル\App</Filter>
    </ClCompile>
    <ClCompile Include="MeshBuffer.cpp">
      <Filter>ソース ファイル\DirectX</Filter>
    </ClCompile>
    <ClCompile Include="DirectXManager.cpp">
      <Filter>ソース ファイル\DirectX</Filter>
    </ClCompile>
    <ClCompile Include="AppStart.cpp">
      <Filter>ソース ファイル\System\WindowAPI</Filter>
    </ClCompile>
    <ClCompile Include="WindowAPI.cpp">
      <Filter>ソース ファイル\System\WindowAPI</Filter>
    </ClCompile>
    <ClCompile Include="DepthStencil.cpp">
      <Filter>ソース ファイル\DirectX\View</Filter>
    </ClCompile>
    <ClCompile Include="RenderTarget.cpp">
      <Filter>ソース ファイル\DirectX\View</Filter>
    </ClCompile>
    <ClCompile Include="Texture.cpp">
      <Filter>ソース ファイル\DirectX\View\0_Super</Filter>
    </ClCompile>
    <ClCompile Include="ShapeBase.cpp">
      <Filter>ソース ファイル\System\Shape\Super</Filter>
    </ClCompile>
    <ClCompile Include="VertexShader.cpp">
      <Filter>ソース ファイル\DirectX\Shader</Filter>
    </ClCompile>
    <ClCompile Include="PixelShader.cpp">
      <Filter>ソース ファイル\DirectX\Shader</Filter>
    </ClCompile>
    <ClCompile Include="Shader.cpp">
      <Filter>ソース ファイル\DirectX\Shader\Super</Filter>
    </ClCompile>
    <ClCompile Include="DebugConsole.cpp">
      <Filter>ソース ファイル\System\Debug</Filter>
    </ClCompile>
    <ClCompile Include="ShapeBox.cpp">
      <Filter>ソース ファイル\System\Shape</Filter>
    </ClCompile>
    <ClCompile Include="ShapeSphere.cpp">
      <Filter>ソース ファイル\System\Shape</Filter>
    </ClCompile>
    <ClCompile Include="SceneManager.cpp">
      <Filter>ソース ファイル\App\Scene</Filter>
    </ClCompile>
    <ClCompile Include="SceneGameTest.cpp">
      <Filter>ソース ファイル\App\Scene</Filter>
    </ClCompile>
    <ClCompile Include="SceneBase.cpp">
      <Filter>ソース ファイル\App\Scene\0_Super</Filter>
    </ClCompile>
    <ClCompile Include="ObjectBase.cpp">
      <Filter>ソース ファイル\App\GameObject\0_Super</Filter>
    </ClCompile>
    <ClCompile Include="ComponentBase.cpp">
      <Filter>ソース ファイル\App\Component\0_Super</Filter>
    </ClCompile>
    <ClCompile Include="ComponentTransform.cpp">
      <Filter>ソース ファイル\App\Component</Filter>
    </ClCompile>
    <ClCompile Include="GridLine.cpp">
      <Filter>ソース ファイル\System\Debug</Filter>
    </ClCompile>
    <ClCompile Include="ShapeLine.cpp">
      <Filter>ソース ファイル\System\Shape\Super</Filter>
    </ClCompile>
    <ClCompile Include="Quaternion.cpp">
      <Filter>ソース ファイル\Utilities</Filter>
    </ClCompile>
    <ClCompile Include="TimeManager.cpp">
      <Filter>ソース ファイル\System\Time</Filter>
    </ClCompile>
    <ClCompile Include="Controller.cpp">
      <Filter>ソース ファイル\System\Input</Filter>
    </ClCompile>
    <ClCompile Include="Input.cpp">
      <Filter>ソース ファイル\System\Input</Filter>
    </ClCompile>
    <ClCompile Include="ControllerDirectInput.cpp">
      <Filter>ソース ファイル\System\Input</Filter>
    </ClCompile>
    <ClCompile Include="ComponentCameraDebug.cpp">
      <Filter>ソース ファイル\App\Component\Camera</Filter>
    </ClCompile>
    <ClCompile Include="CameraManager.cpp">
      <Filter>ソース ファイル\System\Camera</Filter>
    </ClCompile>
    <ClCompile Include="ComponentCollisionBase.cpp">
      <Filter>ソース ファイル\App\Component\Collision\0_Super</Filter>
    </ClCompile>
    <ClCompile Include="ComponentCameraBase.cpp">
      <Filter>ソース ファイル\App\Component\Camera\0_Super</Filter>
    </ClCompile>
    <ClCompile Include="ComponentCollisionAABB.cpp">
      <Filter>ソース ファイル\App\Component\Collision</Filter>
    </ClCompile>
    <ClCompile Include="ComponentCollisionSphere.cpp">
      <Filter>ソース ファイル\App\Component\Collision</Filter>
    </ClCompile>
    <ClCompile Include="ComponentCollisionOBB.cpp">
      <Filter>ソース ファイル\App\Component\Collision</Filter>
    </ClCompile>
    <ClCompile Include="ShapePlane.cpp">
      <Filter>ソース ファイル\System\Shape</Filter>
    </ClCompile>
    <ClCompile Include="ComponentGroundRaycast.cpp">
      <Filter>ソース ファイル\App\Component\Ground</Filter>
    </ClCompile>
    <ClCompile Include="ComponentRigidbody.cpp">
      <Filter>ソース ファイル\App\Component</Filter>
    </ClCompile>
    <ClCompile Include="ComponentPlayerController.cpp">
      <Filter>ソース ファイル\App\Component\Player</Filter>
    </ClCompile>
    <ClCompile Include="ImGui\imgui.cpp">
      <Filter>ソース ファイル\ImGui</Filter>
    </ClCompile>
    <ClCompile Include="ImGui\imgui_draw.cpp">
      <Filter>ソース ファイル\ImGui</Filter>
    </ClCompile>
    <ClCompile Include="ImGui\imgui_impl_dx11.cpp">
      <Filter>ソース ファイル\ImGui</Filter>
    </ClCompile>
    <ClCompile Include="ImGui\imgui_impl_win32.cpp">
      <Filter>ソース ファイル\ImGui</Filter>
    </ClCompile>
    <ClCompile Include="ImGui\imgui_tables.cpp">
      <Filter>ソース ファイル\ImGui</Filter>
    </ClCompile>
    <ClCompile Include="ImGui\imgui_widgets.cpp">
      <Filter>ソース ファイル\ImGui</Filter>
    </ClCompile>
    <ClCompile Include="DebugMenu.cpp">
      <Filter>ソース ファイル\System\Debug\DebugImGui</Filter>
    </ClCompile>
    <ClCompile Include="DebugItem.cpp">
      <Filter>ソース ファイル\System\Debug\DebugImGui</Filter>
    </ClCompile>
    <ClCompile Include="DebugWindow.cpp">
      <Filter>ソース ファイル\System\Debug\DebugImGui</Filter>
    </ClCompile>
    <ClCompile Include="DebugWindowSetting.cpp">
      <Filter>ソース ファイル\System\Debug\DebugImGui</Filter>
    </ClCompile>
    <ClCompile Include="UIComponentBase.cpp">
      <Filter>ソース ファイル\App\UI\Component\0_Super</Filter>
    </ClCompile>
    <ClCompile Include="UIObjectBase.cpp">
      <Filter>ソース ファイル\App\UI\Object\0_Super</Filter>
    </ClCompile>
    <ClCompile Include="UIComponentTransform.cpp">
      <Filter>ソース ファイル\App\UI\Component</Filter>
    </ClCompile>
    <ClCompile Include="UIComponentSprite.cpp">
      <Filter>ソース ファイル\App\UI\Component</Filter>
    </ClCompile>
    <ClCompile Include="ShaderManager.cpp">
      <Filter>ソース ファイル\System\DataManager</Filter>
    </ClCompile>
    <ClCompile Include="TextureManager.cpp">
      <Filter>ソース ファイル\System\DataManager</Filter>
    </ClCompile>
    <ClCompile Include="ComponentGround.cpp">
      <Filter>ソース ファイル\App\Component\Ground</Filter>
    </ClCompile>
    <ClCompile Include="ComponentGeometry.cpp">
      <Filter>ソース ファイル\App\Component\Visual</Filter>
    </ClCompile>
    <ClCompile Include="ComponentBillboard.cpp">
      <Filter>ソース ファイル\App\Component\Visual</Filter>
    </ClCompile>
    <ClCompile Include="ComponentModelStatic.cpp">
      <Filter>ソース ファイル\App\Component\Model</Filter>
    </ClCompile>
    <ClCompile Include="ModelStaticManager.cpp">
      <Filter>ソース ファイル\System\DataManager</Filter>
    </ClCompile>
    <ClCompile Include="ModelStatic.cpp">
      <Filter>ソース ファイル\System\Model\Static</Filter>
    </ClCompile>
    <ClCompile Include="ModelStaticMake.cpp">
      <Filter>ソース ファイル\System\Model\Static</Filter>
    </ClCompile>
    <ClCompile Include="ModelAnime.cpp">
      <Filter>ソース ファイル\System\Model\Anime</Filter>
    </ClCompile>
    <ClCompile Include="ModelAnimation.cpp">
      <Filter>ソース ファイル\System\Model\Anime</Filter>
    </ClCompile>
    <ClCompile Include="ModelAnimeMake.cpp">
      <Filter>ソース ファイル\System\Model\Anime</Filter>
    </ClCompile>
    <ClCompile Include="ComponentModelAnime.cpp">
      <Filter>ソース ファイル\App\Component\Model</Filter>
    </ClCompile>
    <ClCompile Include="ModelAnimeManager.cpp">
      <Filter>ソース ファイル\System\DataManager</Filter>
    </ClCompile>
    <ClCompile Include="FileManager.cpp">
      <Filter>ソース ファイル\System\DataInOut</Filter>
    </ClCompile>
    <ClCompile Include="ObjectTypeRegistry.cpp">
      <Filter>ソース ファイル\System\DataInOut</Filter>
    </ClCompile>
    <ClCompile Include="UITypeRegistry.cpp">
      <Filter>ソース ファイル\System\DataInOut</Filter>
    </ClCompile>
    <ClCompile Include="ObjectPlayer.cpp">
      <Filter>ソース ファイル\App\GameObject\Player</Filter>
    </ClCompile>
    <ClCompile Include="ObjectGround.cpp">
      <Filter>ソース ファイル\App\GameObject\StageObject\Plane</Filter>
    </ClCompile>
    <ClCompile Include="TextWrite.cpp">
      <Filter>ソース ファイル\System\Text</Filter>
    </ClCompile>
    <ClCompile Include="DirectWriteCustomFont.cpp">
      <Filter>ソース ファイル\System\Text</Filter>
    </ClCompile>
    <ClCompile Include="UIComponentText.cpp">
      <Filter>ソース ファイル\App\UI\Component</Filter>
    </ClCompile>
    <ClCompile Include="LightManager.cpp">
      <Filter>ソース ファイル\System\Light</Filter>
    </ClCompile>
    <ClCompile Include="ComponentLightBase.cpp">
      <Filter>ソース ファイル\App\Component\Light\0_Super</Filter>
    </ClCompile>
    <ClCompile Include="ObjectLight.cpp">
      <Filter>ソース ファイル\App\GameObject\Light\0_Super</Filter>
    </ClCompile>
    <ClCompile Include="ObjectLightSpot.cpp">
      <Filter>ソース ファイル\App\GameObject\Light</Filter>
    </ClCompile>
    <ClCompile Include="ObjectLightDirectional.cpp">
      <Filter>ソース ファイル\App\GameObject\Light</Filter>
    </ClCompile>
    <ClCompile Include="ObjectLightPoint.cpp">
      <Filter>ソース ファイル\App\GameObject\Light</Filter>
    </ClCompile>
    <ClCompile Include="UIObjectText.cpp">
      <Filter>ソース ファイル\App\UI\Object</Filter>
    </ClCompile>
    <ClCompile Include="ObjectCameraPlayer.cpp">
      <Filter>ソース ファイル\App\GameObject\Camera</Filter>
    </ClCompile>
    <ClCompile Include="ObjectCamera.cpp">
      <Filter>ソース ファイル\App\GameObject\Camera\0_Super</Filter>
    </ClCompile>
    <ClCompile Include="ObjectCameraDebug.cpp">
      <Filter>ソース ファイル\App\GameObject\Camera</Filter>
    </ClCompile>
    <ClCompile Include="ObjectBullet.cpp">
      <Filter>ソース ファイル\App\GameObject\Bullet</Filter>
    </ClCompile>
    <ClCompile Include="ObjectBulletPlayer.cpp">
      <Filter>ソース ファイル\App\GameObject\Bullet</Filter>
    </ClCompile>
    <ClCompile Include="RegisterObjectTypeMap.cpp">
      <Filter>ソース ファイル\System\DataInOut</Filter>
    </ClCompile>
    <ClCompile Include="RegisterUITypeMap.cpp">
      <Filter>ソース ファイル\System\DataInOut</Filter>
    </ClCompile>
    <ClCompile Include="UIObjectPlayerHP.cpp">
      <Filter>ソース ファイル\App\UI\Object\Game\Player</Filter>
    </ClCompile>
    <ClCompile Include="ObjectEnemy.cpp">
      <Filter>ソース ファイル\App\GameObject\Enemy\0_Super</Filter>
    </ClCompile>
    <ClCompile Include="ComponentEnemyState.cpp">
      <Filter>ソース ファイル\App\Component\Enemy</Filter>
    </ClCompile>
    <ClCompile Include="ComponentEnemyMoveChase.cpp">
      <Filter>ソース ファイル\App\Component\Enemy\Move</Filter>
    </ClCompile>
    <ClCompile Include="ComponentEnemyMoveRandom.cpp">
      <Filter>ソース ファイル\App\Component\Enemy\Move</Filter>
    </ClCompile>
    <ClCompile Include="ComponentEnemyMoveLinear.cpp">
      <Filter>ソース ファイル\App\Component\Enemy\Move</Filter>
    </ClCompile>
    <ClCompile Include="ComponentEnemyMoveBase.cpp">
      <Filter>ソース ファイル\App\Component\Enemy\Move\0_Super</Filter>
    </ClCompile>
    <ClCompile Include="ComponentEnemyAttackBase.cpp">
      <Filter>ソース ファイル\App\Component\Enemy\Attack\0_Super</Filter>
    </ClCompile>
    <ClCompile Include="ComponentEnemyAttackCharge.cpp">
      <Filter>ソース ファイル\App\Component\Enemy\Attack</Filter>
    </ClCompile>
    <ClCompile Include="ObjectGoal.cpp">
      <Filter>ソース ファイル\App\GameObject\Other</Filter>
    </ClCompile>
    <ClCompile Include="ObjectGameStateManager.cpp">
      <Filter>ソース ファイル\App\GameObject\System</Filter>
    </ClCompile>
    <ClCompile Include="ComponentGroundBox.cpp">
      <Filter>ソース ファイル\App\Component\Ground</Filter>
    </ClCompile>
    <ClCompile Include="ObjectEnemyLinear.cpp">
      <Filter>ソース ファイル\App\GameObject\Enemy</Filter>
    </ClCompile>
    <ClCompile Include="ObjectEnemyChase.cpp">
      <Filter>ソース ファイル\App\GameObject\Enemy</Filter>
    </ClCompile>
    <ClCompile Include="ObjectEnemyRandom.cpp">
      <Filter>ソース ファイル\App\GameObject\Enemy</Filter>
    </ClCompile>
    <ClCompile Include="ObjectCameraGameClear.cpp">
      <Filter>ソース ファイル\App\GameObject\Camera</Filter>
    </ClCompile>
    <ClCompile Include="SceneStage1.cpp">
      <Filter>ソース ファイル\App\Scene\Stage</Filter>
    </ClCompile>
    <ClCompile Include="ObjectBlock.cpp">
      <Filter>ソース ファイル\App\GameObject\StageObject\Block\0_Super</Filter>
    </ClCompile>
    <ClCompile Include="ObjectBlockGroundAABB.cpp">
      <Filter>ソース ファイル\App\GameObject\StageObject\Block</Filter>
    </ClCompile>
    <ClCompile Include="ObjectSkyBox.cpp">
      <Filter>ソース ファイル\App\GameObject\Other</Filter>
    </ClCompile>
    <ClCompile Include="ObjectWall.cpp">
      <Filter>ソース ファイル\App\GameObject\StageObject\Plane</Filter>
    </ClCompile>
    <ClCompile Include="ObjectPlayerStart.cpp">
      <Filter>ソース ファイル\App\GameObject\Player</Filter>
    </ClCompile>
    <ClCompile Include="ObjectRespawn.cpp">
      <Filter>ソース ファイル\App\GameObject\Other</Filter>
    </ClCompile>
    <ClCompile Include="SceneTitile.cpp">
      <Filter>ソース ファイル\App\Scene\Title</Filter>
    </ClCompile>
    <ClCompile Include="ObjectBlockGroundOBB.cpp">
      <Filter>ソース ファイル\App\GameObject\StageObject\Block</Filter>
    </ClCompile>
    <ClCompile Include="ComponentBillboardAnime.cpp">
      <Filter>ソース ファイル\App\Component\Visual</Filter>
    </ClCompile>
    <ClCompile Include="ObjectExplosion.cpp">
      <Filter>ソース ファイル\App\GameObject\Effect</Filter>
    </ClCompile>
    <ClCompile Include="ComponentSmokeEffect.cpp">
      <Filter>ソース ファイル\App\Component\Player</Filter>
    </ClCompile>
    <ClCompile Include="SceneStageSelect.cpp">
      <Filter>ソース ファイル\App\Scene\Select</Filter>
    </ClCompile>
    <ClCompile Include="ComponentGimmickMoveLinear.cpp">
      <Filter>ソース ファイル\App\Component\StageGimmick</Filter>
    </ClCompile>
    <ClCompile Include="ObjectMoveFloor.cpp">
      <Filter>ソース ファイル\App\GameObject\StageObject\Gimmick</Filter>
    </ClCompile>
    <ClCompile Include="ObjectBlockBreakable.cpp">
      <Filter>ソース ファイル\App\GameObject\StageObject\Gimmick</Filter>
    </ClCompile>
    <ClCompile Include="ObjectCoin.cpp">
      <Filter>ソース ファイル\App\GameObject\StageObject\Item</Filter>
    </ClCompile>
    <ClCompile Include="ObjectCoinGroupLinear.cpp">
      <Filter>ソース ファイル\App\GameObject\StageObject\Item</Filter>
    </ClCompile>
    <ClCompile Include="ObjectCoinGroupCircle.cpp">
      <Filter>ソース ファイル\App\GameObject\StageObject\Item</Filter>
    </ClCompile>
    <ClCompile Include="UIObjectPlayerCoin.cpp">
      <Filter>ソース ファイル\App\UI\Object\Game\Player</Filter>
    </ClCompile>
    <ClCompile Include="SceneStage2.cpp">
      <Filter>ソース ファイル\App\Scene\Stage</Filter>
    </ClCompile>
    <ClCompile Include="ObjectStageSampleParent.cpp">
      <Filter>ソース ファイル\App\GameObject\Other\StageSelect</Filter>
    </ClCompile>
    <ClCompile Include="UIObjectFade.cpp">
      <Filter>ソース ファイル\App\UI\Object\System\Fade</Filter>
    </ClCompile>
    <ClCompile Include="UIObjectFadeIrisOut.cpp">
      <Filter>ソース ファイル\App\UI\Object\System\Fade</Filter>
    </ClCompile>
    <ClCompile Include="ComponentShadow.cpp">
      <Filter>ソース ファイル</Filter>
    </ClCompile>
    <ClCompile Include="ShadowManager.cpp">
      <Filter>ソース ファイル\System\Light</Filter>
    </ClCompile>
    <ClCompile Include="Sound.cpp">
      <Filter>ソース ファイル\System\Sound</Filter>
    </ClCompile>
    <ClCompile Include="SoundManager.cpp">
      <Filter>ソース ファイル\System\Sound</Filter>
    </ClCompile>
    <ClCompile Include="ObjectFireBar.cpp">
      <Filter>ソース ファイル\App\GameObject\StageObject\Gimmick</Filter>
    </ClCompile>
  </ItemGroup>
  <ItemGroup>
    <ClInclude Include="AppController.h">
      <Filter>ソース ファイル\App</Filter>
    </ClInclude>
    <ClInclude Include="DirectXManager.h">
      <Filter>ソース ファイル\DirectX</Filter>
    </ClInclude>
    <ClInclude Include="MeshBuffer.h">
      <Filter>ソース ファイル\DirectX</Filter>
    </ClInclude>
    <ClInclude Include="WindowAPI.h">
      <Filter>ソース ファイル\System\WindowAPI</Filter>
    </ClInclude>
    <ClInclude Include="SettingWindowAPI.h">
      <Filter>ソース ファイル\System\WindowAPI</Filter>
    </ClInclude>
    <ClInclude Include="DepthStencil.h">
      <Filter>ソース ファイル\DirectX\View</Filter>
    </ClInclude>
    <ClInclude Include="RenderTarget.h">
      <Filter>ソース ファイル\DirectX\View</Filter>
    </ClInclude>
    <ClInclude Include="Texture.h">
      <Filter>ソース ファイル\DirectX\View\0_Super</Filter>
    </ClInclude>
    <ClInclude Include="ShapeBase.h">
      <Filter>ソース ファイル\System\Shape\Super</Filter>
    </ClInclude>
    <ClInclude Include="VertexShader.h">
      <Filter>ソース ファイル\DirectX\Shader</Filter>
    </ClInclude>
    <ClInclude Include="PixelShader.h">
      <Filter>ソース ファイル\DirectX\Shader</Filter>
    </ClInclude>
    <ClInclude Include="Shader.h">
      <Filter>ソース ファイル\DirectX\Shader\Super</Filter>
    </ClInclude>
    <ClInclude Include="Vector3.h">
      <Filter>ソース ファイル\Utilities\Vector</Filter>
    </ClInclude>
    <ClInclude Include="DebugConsole.h">
      <Filter>ソース ファイル\System\Debug</Filter>
    </ClInclude>
    <ClInclude Include="Vector2.h">
      <Filter>ソース ファイル\Utilities\Vector</Filter>
    </ClInclude>
    <ClInclude Include="ShapeBox.h">
      <Filter>ソース ファイル\System\Shape</Filter>
    </ClInclude>
    <ClInclude Include="ShapeSphere.h">
      <Filter>ソース ファイル\System\Shape</Filter>
    </ClInclude>
    <ClInclude Include="SceneManager.h">
      <Filter>ソース ファイル\App\Scene</Filter>
    </ClInclude>
    <ClInclude Include="SceneGameTest.h">
      <Filter>ソース ファイル\App\Scene</Filter>
    </ClInclude>
    <ClInclude Include="SceneBase.h">
      <Filter>ソース ファイル\App\Scene\0_Super</Filter>
    </ClInclude>
    <ClInclude Include="ObjectBase.h">
      <Filter>ソース ファイル\App\GameObject\0_Super</Filter>
    </ClInclude>
    <ClInclude Include="ComponentBase.h">
      <Filter>ソース ファイル\App\Component\0_Super</Filter>
    </ClInclude>
    <ClInclude Include="ComponentTransform.h">
      <Filter>ソース ファイル\App\Component</Filter>
    </ClInclude>
    <ClInclude Include="GridLine.h">
      <Filter>ソース ファイル\System\Debug</Filter>
    </ClInclude>
    <ClInclude Include="ShapeLine.h">
      <Filter>ソース ファイル\System\Shape\Super</Filter>
    </ClInclude>
    <ClInclude Include="ColorVec3.h">
      <Filter>ソース ファイル\Utilities\Constant</Filter>
    </ClInclude>
    <ClInclude Include="MathUtils.h">
      <Filter>ソース ファイル\Utilities\Constant</Filter>
    </ClInclude>
    <ClInclude Include="Quaternion.h">
      <Filter>ソース ファイル\Utilities</Filter>
    </ClInclude>
    <ClInclude Include="TimeManager.h">
      <Filter>ソース ファイル\System\Time</Filter>
    </ClInclude>
    <ClInclude Include="Controller.h">
      <Filter>ソース ファイル\System\Input</Filter>
    </ClInclude>
    <ClInclude Include="Input.h">
      <Filter>ソース ファイル\System\Input</Filter>
    </ClInclude>
    <ClInclude Include="ControllerDirectInput.h">
      <Filter>ソース ファイル\System\Input</Filter>
    </ClInclude>
    <ClInclude Include="ComponentCameraDebug.h">
      <Filter>ソース ファイル\App\Component\Camera</Filter>
    </ClInclude>
    <ClInclude Include="CameraManager.h">
      <Filter>ソース ファイル\System\Camera</Filter>
    </ClInclude>
    <ClInclude Include="ComponentCollisionBase.h">
      <Filter>ソース ファイル\App\Component\Collision\0_Super</Filter>
    </ClInclude>
    <ClInclude Include="ComponentCameraBase.h">
      <Filter>ソース ファイル\App\Component\Camera\0_Super</Filter>
    </ClInclude>
    <ClInclude Include="ComponentCollisionAABB.h">
      <Filter>ソース ファイル\App\Component\Collision</Filter>
    </ClInclude>
    <ClInclude Include="ComponentCollisionSphere.h">
      <Filter>ソース ファイル\App\Component\Collision</Filter>
    </ClInclude>
    <ClInclude Include="ComponentCollisionOBB.h">
      <Filter>ソース ファイル\App\Component\Collision</Filter>
    </ClInclude>
    <ClInclude Include="ShapePlane.h">
      <Filter>ソース ファイル\System\Shape</Filter>
    </ClInclude>
    <ClInclude Include="ComponentGroundRaycast.h">
      <Filter>ソース ファイル\App\Component\Ground</Filter>
    </ClInclude>
    <ClInclude Include="ComponentRigidbody.h">
      <Filter>ソース ファイル\App\Component</Filter>
    </ClInclude>
    <ClInclude Include="ComponentPlayerController.h">
      <Filter>ソース ファイル\App\Component\Player</Filter>
    </ClInclude>
    <ClInclude Include="ImGui\imconfig.h">
      <Filter>ソース ファイル\ImGui</Filter>
    </ClInclude>
    <ClInclude Include="ImGui\imgui.h">
      <Filter>ソース ファイル\ImGui</Filter>
    </ClInclude>
    <ClInclude Include="ImGui\imgui_impl_dx11.h">
      <Filter>ソース ファイル\ImGui</Filter>
    </ClInclude>
    <ClInclude Include="ImGui\imgui_impl_win32.h">
      <Filter>ソース ファイル\ImGui</Filter>
    </ClInclude>
    <ClInclude Include="ImGui\imgui_internal.h">
      <Filter>ソース ファイル\ImGui</Filter>
    </ClInclude>
    <ClInclude Include="ImGui\imstb_rectpack.h">
      <Filter>ソース ファイル\ImGui</Filter>
    </ClInclude>
    <ClInclude Include="ImGui\imstb_textedit.h">
      <Filter>ソース ファイル\ImGui</Filter>
    </ClInclude>
    <ClInclude Include="ImGui\imstb_truetype.h">
      <Filter>ソース ファイル\ImGui</Filter>
    </ClInclude>
    <ClInclude Include="DebugMenu.h">
      <Filter>ソース ファイル\System\Debug\DebugImGui</Filter>
    </ClInclude>
    <ClInclude Include="DebugItem.h">
      <Filter>ソース ファイル\System\Debug\DebugImGui</Filter>
    </ClInclude>
    <ClInclude Include="DebugWindow.h">
      <Filter>ソース ファイル\System\Debug\DebugImGui</Filter>
    </ClInclude>
    <ClInclude Include="DebugWindowSetting.h">
      <Filter>ソース ファイル\System\Debug\DebugImGui</Filter>
    </ClInclude>
    <ClInclude Include="UIComponentBase.h">
      <Filter>ソース ファイル\App\UI\Component\0_Super</Filter>
    </ClInclude>
    <ClInclude Include="UIObjectBase.h">
      <Filter>ソース ファイル\App\UI\Object\0_Super</Filter>
    </ClInclude>
    <ClInclude Include="ObjectTag.h">
      <Filter>ソース ファイル\App\GameObject\0_Super</Filter>
    </ClInclude>
    <ClInclude Include="UIComponentTransform.h">
      <Filter>ソース ファイル\App\UI\Component</Filter>
    </ClInclude>
    <ClInclude Include="UIComponentSprite.h">
      <Filter>ソース ファイル\App\UI\Component</Filter>
    </ClInclude>
    <ClInclude Include="ShaderManager.h">
      <Filter>ソース ファイル\System\DataManager</Filter>
    </ClInclude>
    <ClInclude Include="TextureManager.h">
      <Filter>ソース ファイル\System\DataManager</Filter>
    </ClInclude>
    <ClInclude Include="ComponentGround.h">
      <Filter>ソース ファイル\App\Component\Ground</Filter>
    </ClInclude>
    <ClInclude Include="ComponentGeometry.h">
      <Filter>ソース ファイル\App\Component\Visual</Filter>
    </ClInclude>
    <ClInclude Include="ComponentBillboard.h">
      <Filter>ソース ファイル\App\Component\Visual</Filter>
    </ClInclude>
    <ClInclude Include="ComponentModelStatic.h">
      <Filter>ソース ファイル\App\Component\Model</Filter>
    </ClInclude>
    <ClInclude Include="ModelStaticManager.h">
      <Filter>ソース ファイル\System\DataManager</Filter>
    </ClInclude>
    <ClInclude Include="ModelStatic.h">
      <Filter>ソース ファイル\System\Model\Static</Filter>
    </ClInclude>
    <ClInclude Include="ModelAnime.h">
      <Filter>ソース ファイル\System\Model\Anime</Filter>
    </ClInclude>
    <ClInclude Include="ComponentModelAnime.h">
      <Filter>ソース ファイル\App\Component\Model</Filter>
    </ClInclude>
    <ClInclude Include="ModelAnimeManager.h">
      <Filter>ソース ファイル\System\DataManager</Filter>
    </ClInclude>
    <ClInclude Include="ComponentOrder.h">
      <Filter>ソース ファイル\App\Component\0_Super</Filter>
    </ClInclude>
    <ClInclude Include="UIComponentOrder.h">
      <Filter>ソース ファイル\App\UI\Component\0_Super</Filter>
    </ClInclude>
    <ClInclude Include="FileManager.h">
      <Filter>ソース ファイル\System\DataInOut</Filter>
    </ClInclude>
    <ClInclude Include="ObjectTypeRegistry.h">
      <Filter>ソース ファイル\System\DataInOut</Filter>
    </ClInclude>
    <ClInclude Include="UITypeRegistry.h">
      <Filter>ソース ファイル\System\DataInOut</Filter>
    </ClInclude>
    <ClInclude Include="ObjectPlayer.h">
      <Filter>ソース ファイル\App\GameObject\Player</Filter>
    </ClInclude>
    <ClInclude Include="ObjectGround.h">
      <Filter>ソース ファイル\App\GameObject\StageObject\Plane</Filter>
    </ClInclude>
    <ClInclude Include="TextWrite.h">
      <Filter>ソース ファイル\System\Text</Filter>
    </ClInclude>
    <ClInclude Include="DirectWriteCustomFont.h">
      <Filter>ソース ファイル\System\Text</Filter>
    </ClInclude>
    <ClInclude Include="UIComponentText.h">
      <Filter>ソース ファイル\App\UI\Component</Filter>
    </ClInclude>
    <ClInclude Include="LightManager.h">
      <Filter>ソース ファイル\System\Light</Filter>
    </ClInclude>
    <ClInclude Include="ComponentLightBase.h">
      <Filter>ソース ファイル\App\Component\Light\0_Super</Filter>
    </ClInclude>
    <ClInclude Include="ObjectLight.h">
      <Filter>ソース ファイル\App\GameObject\Light\0_Super</Filter>
    </ClInclude>
    <ClInclude Include="ObjectLightSpot.h">
      <Filter>ソース ファイル\App\GameObject\Light</Filter>
    </ClInclude>
    <ClInclude Include="ObjectLightDirectional.h">
      <Filter>ソース ファイル\App\GameObject\Light</Filter>
    </ClInclude>
    <ClInclude Include="ObjectLightPoint.h">
      <Filter>ソース ファイル\App\GameObject\Light</Filter>
    </ClInclude>
    <ClInclude Include="UIObjectText.h">
      <Filter>ソース ファイル\App\UI\Object</Filter>
    </ClInclude>
    <ClInclude Include="ObjectCameraPlayer.h">
      <Filter>ソース ファイル\App\GameObject\Camera</Filter>
    </ClInclude>
    <ClInclude Include="ObjectCamera.h">
      <Filter>ソース ファイル\App\GameObject\Camera\0_Super</Filter>
    </ClInclude>
    <ClInclude Include="ObjectCameraDebug.h">
      <Filter>ソース ファイル\App\GameObject\Camera</Filter>
    </ClInclude>
    <ClInclude Include="ObjectBullet.h">
      <Filter>ソース ファイル\App\GameObject\Bullet</Filter>
    </ClInclude>
    <ClInclude Include="ObjectBulletPlayer.h">
      <Filter>ソース ファイル\App\GameObject\Bullet</Filter>
    </ClInclude>
    <ClInclude Include="UIObjectPlayerHP.h">
      <Filter>ソース ファイル\App\UI\Object\Game\Player</Filter>
    </ClInclude>
    <ClInclude Include="ObjectEnemy.h">
      <Filter>ソース ファイル\App\GameObject\Enemy\0_Super</Filter>
    </ClInclude>
    <ClInclude Include="ComponentEnemyState.h">
      <Filter>ソース ファイル\App\Component\Enemy</Filter>
    </ClInclude>
    <ClInclude Include="ComponentEnemyMoveChase.h">
      <Filter>ソース ファイル\App\Component\Enemy\Move</Filter>
    </ClInclude>
    <ClInclude Include="ComponentEnemyMoveRandom.h">
      <Filter>ソース ファイル\App\Component\Enemy\Move</Filter>
    </ClInclude>
    <ClInclude Include="ComponentEnemyMoveLinear.h">
      <Filter>ソース ファイル\App\Component\Enemy\Move</Filter>
    </ClInclude>
    <ClInclude Include="ComponentEnemyMoveBase.h">
      <Filter>ソース ファイル\App\Component\Enemy\Move\0_Super</Filter>
    </ClInclude>
    <ClInclude Include="ComponentEnemyAttackBase.h">
      <Filter>ソース ファイル\App\Component\Enemy\Attack\0_Super</Filter>
    </ClInclude>
    <ClInclude Include="ComponentEnemyAttackCharge.h">
      <Filter>ソース ファイル\App\Component\Enemy\Attack</Filter>
    </ClInclude>
    <ClInclude Include="ObjectGoal.h">
      <Filter>ソース ファイル\App\GameObject\Other</Filter>
    </ClInclude>
    <ClInclude Include="ObjectGameStateManager.h">
      <Filter>ソース ファイル\App\GameObject\System</Filter>
    </ClInclude>
    <ClInclude Include="ComponentGroundBox.h">
      <Filter>ソース ファイル\App\Component\Ground</Filter>
    </ClInclude>
    <ClInclude Include="ObjectEnemyLinear.h">
      <Filter>ソース ファイル\App\GameObject\Enemy</Filter>
    </ClInclude>
    <ClInclude Include="ObjectEnemyChase.h">
      <Filter>ソース ファイル\App\GameObject\Enemy</Filter>
    </ClInclude>
    <ClInclude Include="ObjectEnemyRandom.h">
      <Filter>ソース ファイル\App\GameObject\Enemy</Filter>
    </ClInclude>
    <ClInclude Include="ObjectCameraGameClear.h">
      <Filter>ソース ファイル\App\GameObject\Camera</Filter>
    </ClInclude>
    <ClInclude Include="SceneStage1.h">
      <Filter>ソース ファイル\App\Scene\Stage</Filter>
    </ClInclude>
    <ClInclude Include="ObjectBlock.h">
      <Filter>ソース ファイル\App\GameObject\StageObject\Block\0_Super</Filter>
    </ClInclude>
    <ClInclude Include="ObjectBlockGroundAABB.h">
      <Filter>ソース ファイル\App\GameObject\StageObject\Block</Filter>
    </ClInclude>
    <ClInclude Include="ObjectSkyBox.h">
      <Filter>ソース ファイル\App\GameObject\Other</Filter>
    </ClInclude>
    <ClInclude Include="ObjectWall.h">
      <Filter>ソース ファイル\App\GameObject\StageObject\Plane</Filter>
    </ClInclude>
    <ClInclude Include="ObjectPlayerStart.h">
      <Filter>ソース ファイル\App\GameObject\Player</Filter>
    </ClInclude>
    <ClInclude Include="ObjectRespawn.h">
      <Filter>ソース ファイル\App\GameObject\Other</Filter>
    </ClInclude>
    <ClInclude Include="SceneTitile.h">
      <Filter>ソース ファイル\App\Scene\Title</Filter>
    </ClInclude>
    <ClInclude Include="ObjectBlockGroundOBB.h">
      <Filter>ソース ファイル\App\GameObject\StageObject\Block</Filter>
    </ClInclude>
    <ClInclude Include="ComponentBillboardAnime.h">
      <Filter>ソース ファイル\App\Component\Visual</Filter>
    </ClInclude>
    <ClInclude Include="ObjectExplosion.h">
      <Filter>ソース ファイル\App\GameObject\Effect</Filter>
    </ClInclude>
    <ClInclude Include="ComponentSmokeEffect.h">
      <Filter>ソース ファイル\App\Component\Player</Filter>
    </ClInclude>
    <ClInclude Include="SceneStageSelect.h">
      <Filter>ソース ファイル\App\Scene\Select</Filter>
    </ClInclude>
    <ClInclude Include="ComponentGimmickMoveLinear.h">
      <Filter>ソース ファイル\App\Component\StageGimmick</Filter>
    </ClInclude>
    <ClInclude Include="ObjectMoveFloor.h">
      <Filter>ソース ファイル\App\GameObject\StageObject\Gimmick</Filter>
    </ClInclude>
    <ClInclude Include="ObjectBlockBreakable.h">
      <Filter>ソース ファイル\App\GameObject\StageObject\Gimmick</Filter>
    </ClInclude>
    <ClInclude Include="ObjectCoin.h">
      <Filter>ソース ファイル\App\GameObject\StageObject\Item</Filter>
    </ClInclude>
    <ClInclude Include="ObjectCoinGroupLinear.h">
      <Filter>ソース ファイル\App\GameObject\StageObject\Item</Filter>
    </ClInclude>
    <ClInclude Include="ObjectCoinGroupCircle.h">
      <Filter>ソース ファイル\App\GameObject\StageObject\Item</Filter>
    </ClInclude>
    <ClInclude Include="UIObjectPlayerCoin.h">
      <Filter>ソース ファイル\App\UI\Object\Game\Player</Filter>
    </ClInclude>
    <ClInclude Include="SceneStage2.h">
      <Filter>ソース ファイル\App\Scene\Stage</Filter>
    </ClInclude>
    <ClInclude Include="ObjectStageSampleParent.h">
      <Filter>ソース ファイル\App\GameObject\Other\StageSelect</Filter>
    </ClInclude>
    <ClInclude Include="RegisterAllScene.h">
      <Filter>ソース ファイル\App\Scene</Filter>
    </ClInclude>
    <ClInclude Include="UIObjectFade.h">
      <Filter>ソース ファイル\App\UI\Object\System\Fade</Filter>
    </ClInclude>
    <ClInclude Include="UIObjectFadeIrisOut.h">
      <Filter>ソース ファイル\App\UI\Object\System\Fade</Filter>
    </ClInclude>
    <ClInclude Include="ComponentShadow.h" />
    <ClInclude Include="ShadowManager.h">
      <Filter>ソース ファイル\System\Light</Filter>
    </ClInclude>
    <ClInclude Include="Sound.h">
      <Filter>ソース ファイル\System\Sound</Filter>
    </ClInclude>
    <ClInclude Include="SoundManager.h">
      <Filter>ソース ファイル\System\Sound</Filter>
    </ClInclude>
    <ClInclude Include="ObjectFireBar.h">
      <Filter>ソース ファイル\App\GameObject\StageObject\Gimmick</Filter>
    </ClInclude>
  </ItemGroup>
  <ItemGroup>
    <FxCompile Include="VS_Sprite.hlsl">
      <Filter>リソース ファイル\VertexShader</Filter>
    </FxCompile>
    <FxCompile Include="PS_Sprite.hlsl">
      <Filter>リソース ファイル\PixelShader</Filter>
    </FxCompile>
    <FxCompile Include="PS_ModelAnime.hlsl">
      <Filter>リソース ファイル\PixelShader\Model</Filter>
    </FxCompile>
    <FxCompile Include="PS_ModelStatic.hlsl">
      <Filter>リソース ファイル\PixelShader\Model</Filter>
    </FxCompile>
    <FxCompile Include="VS_ModelStatic.hlsl">
      <Filter>リソース ファイル\VertexShader\Model</Filter>
    </FxCompile>
    <FxCompile Include="VS_ModelAnime.hlsl">
      <Filter>リソース ファイル\VertexShader\Model</Filter>
    </FxCompile>
    <FxCompile Include="PS_Shape.hlsl">
      <Filter>リソース ファイル\PixelShader\Shape</Filter>
    </FxCompile>
    <FxCompile Include="PS_Line.hlsl">
      <Filter>リソース ファイル\PixelShader\Shape</Filter>
    </FxCompile>
    <FxCompile Include="VS_Shape.hlsl">
      <Filter>リソース ファイル\VertexShader\Shape</Filter>
    </FxCompile>
    <FxCompile Include="VS_Line.hlsl">
      <Filter>リソース ファイル\VertexShader\Shape</Filter>
    </FxCompile>
    <FxCompile Include="PS_FadeIrisOutCircle.hlsl">
      <Filter>リソース ファイル\PixelShader\Fade</Filter>
    </FxCompile>
    <FxCompile Include="PS_FadeIrisOutTexture.hlsl">
      <Filter>リソース ファイル\PixelShader\Fade</Filter>
    </FxCompile>
  </ItemGroup>
  <ItemGroup>
    <None Include="Vector3.inl">
      <Filter>ソース ファイル\Utilities\Vector</Filter>
    </None>
    <None Include="Vector2.inl">
      <Filter>ソース ファイル\Utilities\Vector</Filter>
    </None>
    <None Include="ObjectBase.inl">
      <Filter>ソース ファイル\App\GameObject\0_Super</Filter>
    </None>
    <None Include="SceneBase.inl">
      <Filter>ソース ファイル\App\Scene\0_Super</Filter>
    </None>
    <None Include="ImGui\imgui.ini">
      <Filter>ソース ファイル\ImGui</Filter>
    </None>
    <None Include="UIObjectBase.inl">
      <Filter>ソース ファイル\App\UI\Object\0_Super</Filter>
    </None>
    <None Include="PS_Header.hlsli">
      <Filter>リソース ファイル\PixelShader</Filter>
    </None>
  </ItemGroup>
</Project>